
Microsoft Visual Studio Solution File, Format Version 12.00
Project("{FAE04EC0-301F-11D3-BF4B-00C04F79EFBC}") = "BattleShipConsoleApp", "BattleShipConsoleApp\BattleShipConsoleApp.csproj", "{9B7C5801-A577-4FEB-B7E7-7541BBACACBF}"
EndProject
Project("{FAE04EC0-301F-11D3-BF4B-00C04F79EFBC}") = "BattleShipBrain", "BattleShipBrain\BattleShipBrain.csproj", "{DD70797F-930B-4CAF-92EB-7FFE6D5A2E2E}"
EndProject
Project("{FAE04EC0-301F-11D3-BF4B-00C04F79EFBC}") = "BattleShipConsoleUI", "BattleShipConsoleUI\BattleShipConsoleUI.csproj", "{3007C17B-0A6F-416B-8DCD-73A116B6E446}"
EndProject
Project("{2150E333-8FDC-42A3-9474-1A3956D46DE8}") = "Solution Items", "Solution Items", "{92F71FD2-CE26-446B-AD45-07EABC341650}"
ProjectSection(SolutionItems) = preProject
	Directory.Build.props = Directory.Build.props
	README.md = README.md
EndProjectSection
EndProject
Project("{FAE04EC0-301F-11D3-BF4B-00C04F79EFBC}") = "DAL", "DAL\DAL.csproj", "{805218ED-40B0-4450-8742-2BDE5798A6BC}"
EndProject
Project("{FAE04EC0-301F-11D3-BF4B-00C04F79EFBC}") = "WebApplication1", "WebApplication1\WebApplication1.csproj", "{393C7118-80DE-47D7-A479-2BCBA510D3CD}"
EndProject
Global
	GlobalSection(SolutionConfigurationPlatforms) = preSolution
		Debug|Any CPU = Debug|Any CPU
		Release|Any CPU = Release|Any CPU
	EndGlobalSection
	GlobalSection(ProjectConfigurationPlatforms) = postSolution
		{9B7C5801-A577-4FEB-B7E7-7541BBACACBF}.Debug|Any CPU.ActiveCfg = Debug|Any CPU
		{9B7C5801-A577-4FEB-B7E7-7541BBACACBF}.Debug|Any CPU.Build.0 = Debug|Any CPU
		{9B7C5801-A577-4FEB-B7E7-7541BBACACBF}.Release|Any CPU.ActiveCfg = Release|Any CPU
		{9B7C5801-A577-4FEB-B7E7-7541BBACACBF}.Release|Any CPU.Build.0 = Release|Any CPU
		{DD70797F-930B-4CAF-92EB-7FFE6D5A2E2E}.Debug|Any CPU.ActiveCfg = Debug|Any CPU
		{DD70797F-930B-4CAF-92EB-7FFE6D5A2E2E}.Debug|Any CPU.Build.0 = Debug|Any CPU
		{DD70797F-930B-4CAF-92EB-7FFE6D5A2E2E}.Release|Any CPU.ActiveCfg = Release|Any CPU
		{DD70797F-930B-4CAF-92EB-7FFE6D5A2E2E}.Release|Any CPU.Build.0 = Release|Any CPU
		{3007C17B-0A6F-416B-8DCD-73A116B6E446}.Debug|Any CPU.ActiveCfg = Debug|Any CPU
		{3007C17B-0A6F-416B-8DCD-73A116B6E446}.Debug|Any CPU.Build.0 = Debug|Any CPU
		{3007C17B-0A6F-416B-8DCD-73A116B6E446}.Release|Any CPU.ActiveCfg = Release|Any CPU
		{3007C17B-0A6F-416B-8DCD-73A116B6E446}.Release|Any CPU.Build.0 = Release|Any CPU
		{805218ED-40B0-4450-8742-2BDE5798A6BC}.Debug|Any CPU.ActiveCfg = Debug|Any CPU
		{805218ED-40B0-4450-8742-2BDE5798A6BC}.Debug|Any CPU.Build.0 = Debug|Any CPU
		{805218ED-40B0-4450-8742-2BDE5798A6BC}.Release|Any CPU.ActiveCfg = Release|Any CPU
		{805218ED-40B0-4450-8742-2BDE5798A6BC}.Release|Any CPU.Build.0 = Release|Any CPU
		{393C7118-80DE-47D7-A479-2BCBA510D3CD}.Debug|Any CPU.ActiveCfg = Debug|Any CPU
		{393C7118-80DE-47D7-A479-2BCBA510D3CD}.Debug|Any CPU.Build.0 = Debug|Any CPU
		{393C7118-80DE-47D7-A479-2BCBA510D3CD}.Release|Any CPU.ActiveCfg = Release|Any CPU
		{393C7118-80DE-47D7-A479-2BCBA510D3CD}.Release|Any CPU.Build.0 = Release|Any CPU
	EndGlobalSection
EndGlobal
