
Microsoft Visual Studio Solution File, Format Version 12.00
Project("{FAE04EC0-301F-11D3-BF4B-00C04F79EFBC}") = "ConsoleApp", "ConsoleApp\ConsoleApp.csproj", "{94920F6C-C9F6-4B95-B3BE-1C115574DFF8}"
EndProject
Project("{FAE04EC0-301F-11D3-BF4B-00C04F79EFBC}") = "MenuSystem", "MenuSystem\MenuSystem.csproj", "{3D6B86AF-3A4D-4145-A2D8-57FE6AF4CADF}"
EndProject
Global
	GlobalSection(SolutionConfigurationPlatforms) = preSolution
		Debug|Any CPU = Debug|Any CPU
		Release|Any CPU = Release|Any CPU
	EndGlobalSection
	GlobalSection(ProjectConfigurationPlatforms) = postSolution
		{94920F6C-C9F6-4B95-B3BE-1C115574DFF8}.Debug|Any CPU.ActiveCfg = Debug|Any CPU
		{94920F6C-C9F6-4B95-B3BE-1C115574DFF8}.Debug|Any CPU.Build.0 = Debug|Any CPU
		{94920F6C-C9F6-4B95-B3BE-1C115574DFF8}.Release|Any CPU.ActiveCfg = Release|Any CPU
		{94920F6C-C9F6-4B95-B3BE-1C115574DFF8}.Release|Any CPU.Build.0 = Release|Any CPU
		{3D6B86AF-3A4D-4145-A2D8-57FE6AF4CADF}.Debug|Any CPU.ActiveCfg = Debug|Any CPU
		{3D6B86AF-3A4D-4145-A2D8-57FE6AF4CADF}.Debug|Any CPU.Build.0 = Debug|Any CPU
		{3D6B86AF-3A4D-4145-A2D8-57FE6AF4CADF}.Release|Any CPU.ActiveCfg = Release|Any CPU
		{3D6B86AF-3A4D-4145-A2D8-57FE6AF4CADF}.Release|Any CPU.Build.0 = Release|Any CPU
	EndGlobalSection
EndGlobal
